
Microsoft Visual Studio Solution File, Format Version 12.00
# Visual Studio Version 16
VisualStudioVersion = 16.0.31729.503
MinimumVisualStudioVersion = 10.0.40219.1
Project("{FAE04EC0-301F-11D3-BF4B-00C04F79EFBC}") = "Number2", "Number2\Number2.csproj", "{504742F8-598A-443B-AA75-272FE4A999C6}"
EndProject
Global
	GlobalSection(SolutionConfigurationPlatforms) = preSolution
		Debug|Any CPU = Debug|Any CPU
		Release|Any CPU = Release|Any CPU
	EndGlobalSection
	GlobalSection(ProjectConfigurationPlatforms) = postSolution
		{504742F8-598A-443B-AA75-272FE4A999C6}.Debug|Any CPU.ActiveCfg = Debug|Any CPU
		{504742F8-598A-443B-AA75-272FE4A999C6}.Debug|Any CPU.Build.0 = Debug|Any CPU
		{504742F8-598A-443B-AA75-272FE4A999C6}.Release|Any CPU.ActiveCfg = Release|Any CPU
		{504742F8-598A-443B-AA75-272FE4A999C6}.Release|Any CPU.Build.0 = Release|Any CPU
	EndGlobalSection
	GlobalSection(SolutionProperties) = preSolution
		HideSolutionNode = FALSE
	EndGlobalSection
	GlobalSection(ExtensibilityGlobals) = postSolution
		SolutionGuid = {E3DA1301-0A98-4913-8972-95ACE05BE663}
	EndGlobalSection
EndGlobal
