
Microsoft Visual Studio Solution File, Format Version 12.00
# Visual Studio Version 16
VisualStudioVersion = 16.0.31729.503
MinimumVisualStudioVersion = 10.0.40219.1
Project("{FAE04EC0-301F-11D3-BF4B-00C04F79EFBC}") = "Number8", "Number8\Number8.csproj", "{101F14B3-AF15-44E0-8F15-8FD35275B155}"
EndProject
Global
	GlobalSection(SolutionConfigurationPlatforms) = preSolution
		Debug|Any CPU = Debug|Any CPU
		Release|Any CPU = Release|Any CPU
	EndGlobalSection
	GlobalSection(ProjectConfigurationPlatforms) = postSolution
		{101F14B3-AF15-44E0-8F15-8FD35275B155}.Debug|Any CPU.ActiveCfg = Debug|Any CPU
		{101F14B3-AF15-44E0-8F15-8FD35275B155}.Debug|Any CPU.Build.0 = Debug|Any CPU
		{101F14B3-AF15-44E0-8F15-8FD35275B155}.Release|Any CPU.ActiveCfg = Release|Any CPU
		{101F14B3-AF15-44E0-8F15-8FD35275B155}.Release|Any CPU.Build.0 = Release|Any CPU
	EndGlobalSection
	GlobalSection(SolutionProperties) = preSolution
		HideSolutionNode = FALSE
	EndGlobalSection
	GlobalSection(ExtensibilityGlobals) = postSolution
		SolutionGuid = {5A58BDD7-7D96-44F9-AD13-DE6CC0FDB57F}
	EndGlobalSection
EndGlobal
